// !$*UTF8*$!
{
	archiveVersion = 1;
	classes = {
	};
	objectVersion = 55;
	objects = {

/* Begin PBXBuildFile section */
		67075BD527D1299F000A9660 /* FirebaseAnalytics in Frameworks */ = {isa = PBXBuildFile; productRef = 67075BD427D1299F000A9660 /* FirebaseAnalytics */; };
		67075BD727D1299F000A9660 /* FirebaseAuth in Frameworks */ = {isa = PBXBuildFile; productRef = 67075BD627D1299F000A9660 /* FirebaseAuth */; };
		67075BD927D1299F000A9660 /* FirebaseDatabase in Frameworks */ = {isa = PBXBuildFile; productRef = 67075BD827D1299F000A9660 /* FirebaseDatabase */; };
		6728DB0E27D1F21300BA1C89 /* GoogleService-Info.plist in Resources */ = {isa = PBXBuildFile; fileRef = 6728DB0D27D1F21300BA1C89 /* GoogleService-Info.plist */; };
		673D125527FDDCF700265C11 /* Storage.swift in Sources */ = {isa = PBXBuildFile; fileRef = 673D125427FDDCF700265C11 /* Storage.swift */; };
		673DFE6927D0ED4B007FA78E /* AppDelegate.swift in Sources */ = {isa = PBXBuildFile; fileRef = 673DFE6827D0ED4B007FA78E /* AppDelegate.swift */; };
		673DFE6B27D0ED4B007FA78E /* SceneDelegate.swift in Sources */ = {isa = PBXBuildFile; fileRef = 673DFE6A27D0ED4B007FA78E /* SceneDelegate.swift */; };
		673DFE6D27D0ED4B007FA78E /* ViewController.swift in Sources */ = {isa = PBXBuildFile; fileRef = 673DFE6C27D0ED4B007FA78E /* ViewController.swift */; };
		673DFE7227D0ED4C007FA78E /* Assets.xcassets in Resources */ = {isa = PBXBuildFile; fileRef = 673DFE7127D0ED4C007FA78E /* Assets.xcassets */; };
		673DFE7527D0ED4C007FA78E /* LaunchScreen.storyboard in Resources */ = {isa = PBXBuildFile; fileRef = 673DFE7327D0ED4C007FA78E /* LaunchScreen.storyboard */; };
		6770DC5E27D500D70076B355 /* Main.storyboard in Resources */ = {isa = PBXBuildFile; fileRef = 6770DC5D27D500D70076B355 /* Main.storyboard */; };
		6770DC6027D5011E0076B355 /* TodoController.swift in Sources */ = {isa = PBXBuildFile; fileRef = 6770DC5F27D5011E0076B355 /* TodoController.swift */; };
		677D3F0F27EDCD8D00536B05 /* SwipeCellKit in Frameworks */ = {isa = PBXBuildFile; productRef = 677D3F0E27EDCD8D00536B05 /* SwipeCellKit */; };
		67CF7F94280456C10085FD2B /* SettingViewController.swift in Sources */ = {isa = PBXBuildFile; fileRef = 67CF7F93280456C10085FD2B /* SettingViewController.swift */; };
		67FCBE6027DCF85600705F92 /* Model.swift in Sources */ = {isa = PBXBuildFile; fileRef = 67FCBE5F27DCF85600705F92 /* Model.swift */; };
/* End PBXBuildFile section */

/* Begin PBXFileReference section */
		6728DB0D27D1F21300BA1C89 /* GoogleService-Info.plist */ = {isa = PBXFileReference; fileEncoding = 4; lastKnownFileType = text.plist.xml; name = "GoogleService-Info.plist"; path = "../../../../Downloads/GoogleService-Info.plist"; sourceTree = "<group>"; };
		673D125427FDDCF700265C11 /* Storage.swift */ = {isa = PBXFileReference; lastKnownFileType = sourcecode.swift; path = Storage.swift; sourceTree = "<group>"; };
		673DFE6527D0ED4B007FA78E /* todoDiary.app */ = {isa = PBXFileReference; explicitFileType = wrapper.application; includeInIndex = 0; path = todoDiary.app; sourceTree = BUILT_PRODUCTS_DIR; };
		673DFE6827D0ED4B007FA78E /* AppDelegate.swift */ = {isa = PBXFileReference; lastKnownFileType = sourcecode.swift; path = AppDelegate.swift; sourceTree = "<group>"; };
		673DFE6A27D0ED4B007FA78E /* SceneDelegate.swift */ = {isa = PBXFileReference; lastKnownFileType = sourcecode.swift; path = SceneDelegate.swift; sourceTree = "<group>"; };
		673DFE6C27D0ED4B007FA78E /* ViewController.swift */ = {isa = PBXFileReference; lastKnownFileType = sourcecode.swift; path = ViewController.swift; sourceTree = "<group>"; };
		673DFE7127D0ED4C007FA78E /* Assets.xcassets */ = {isa = PBXFileReference; lastKnownFileType = folder.assetcatalog; path = Assets.xcassets; sourceTree = "<group>"; };
		673DFE7427D0ED4C007FA78E /* Base */ = {isa = PBXFileReference; lastKnownFileType = file.storyboard; name = Base; path = Base.lproj/LaunchScreen.storyboard; sourceTree = "<group>"; };
		673DFE7627D0ED4C007FA78E /* Info.plist */ = {isa = PBXFileReference; lastKnownFileType = text.plist.xml; path = Info.plist; sourceTree = "<group>"; };
		6770DC5D27D500D70076B355 /* Main.storyboard */ = {isa = PBXFileReference; lastKnownFileType = file.storyboard; path = Main.storyboard; sourceTree = "<group>"; };
		6770DC5F27D5011E0076B355 /* TodoController.swift */ = {isa = PBXFileReference; lastKnownFileType = sourcecode.swift; path = TodoController.swift; sourceTree = "<group>"; };
		67CF7F93280456C10085FD2B /* SettingViewController.swift */ = {isa = PBXFileReference; lastKnownFileType = sourcecode.swift; path = SettingViewController.swift; sourceTree = "<group>"; };
		67FCBE5F27DCF85600705F92 /* Model.swift */ = {isa = PBXFileReference; lastKnownFileType = sourcecode.swift; path = Model.swift; sourceTree = "<group>"; };
/* End PBXFileReference section */

/* Begin PBXFrameworksBuildPhase section */
		673DFE6227D0ED4B007FA78E /* Frameworks */ = {
			isa = PBXFrameworksBuildPhase;
			buildActionMask = 2147483647;
			files = (
				677D3F0F27EDCD8D00536B05 /* SwipeCellKit in Frameworks */,
				67075BD927D1299F000A9660 /* FirebaseDatabase in Frameworks */,
				67075BD527D1299F000A9660 /* FirebaseAnalytics in Frameworks */,
				67075BD727D1299F000A9660 /* FirebaseAuth in Frameworks */,
			);
			runOnlyForDeploymentPostprocessing = 0;
		};
/* End PBXFrameworksBuildPhase section */

/* Begin PBXGroup section */
		673DFE5C27D0ED4B007FA78E = {
			isa = PBXGroup;
			children = (
				673DFE6727D0ED4B007FA78E /* todoDiary */,
				673DFE6627D0ED4B007FA78E /* Products */,
			);
			sourceTree = "<group>";
		};
		673DFE6627D0ED4B007FA78E /* Products */ = {
			isa = PBXGroup;
			children = (
				673DFE6527D0ED4B007FA78E /* todoDiary.app */,
			);
			name = Products;
			sourceTree = "<group>";
		};
		673DFE6727D0ED4B007FA78E /* todoDiary */ = {
			isa = PBXGroup;
			children = (
				673DFE6827D0ED4B007FA78E /* AppDelegate.swift */,
				6770DC5D27D500D70076B355 /* Main.storyboard */,
				673DFE6A27D0ED4B007FA78E /* SceneDelegate.swift */,
				67CF7F9528045A2D0085FD2B /* ViewControoller */,
				673DFE7127D0ED4C007FA78E /* Assets.xcassets */,
				673DFE7327D0ED4C007FA78E /* LaunchScreen.storyboard */,
				673DFE7627D0ED4C007FA78E /* Info.plist */,
				6728DB0D27D1F21300BA1C89 /* GoogleService-Info.plist */,
				67FCBE5F27DCF85600705F92 /* Model.swift */,
				673D125427FDDCF700265C11 /* Storage.swift */,
			);
			path = todoDiary;
			sourceTree = "<group>";
		};
		67CF7F9528045A2D0085FD2B /* ViewControoller */ = {
			isa = PBXGroup;
			children = (
				67CF7F93280456C10085FD2B /* SettingViewController.swift */,
				673DFE6C27D0ED4B007FA78E /* ViewController.swift */,
				6770DC5F27D5011E0076B355 /* TodoController.swift */,
			);
			path = ViewControoller;
			sourceTree = "<group>";
		};
/* End PBXGroup section */

/* Begin PBXNativeTarget section */
		673DFE6427D0ED4B007FA78E /* todoDiary */ = {
			isa = PBXNativeTarget;
			buildConfigurationList = 673DFE7927D0ED4C007FA78E /* Build configuration list for PBXNativeTarget "todoDiary" */;
			buildPhases = (
				673DFE6127D0ED4B007FA78E /* Sources */,
				673DFE6227D0ED4B007FA78E /* Frameworks */,
				673DFE6327D0ED4B007FA78E /* Resources */,
			);
			buildRules = (
			);
			dependencies = (
			);
			name = todoDiary;
			packageProductDependencies = (
				67075BD427D1299F000A9660 /* FirebaseAnalytics */,
				67075BD627D1299F000A9660 /* FirebaseAuth */,
				67075BD827D1299F000A9660 /* FirebaseDatabase */,
				677D3F0E27EDCD8D00536B05 /* SwipeCellKit */,
			);
			productName = todoDiary;
			productReference = 673DFE6527D0ED4B007FA78E /* todoDiary.app */;
			productType = "com.apple.product-type.application";
		};
/* End PBXNativeTarget section */

/* Begin PBXProject section */
		673DFE5D27D0ED4B007FA78E /* Project object */ = {
			isa = PBXProject;
			attributes = {
				BuildIndependentTargetsInParallel = 1;
				LastSwiftUpdateCheck = 1320;
				LastUpgradeCheck = 1320;
				TargetAttributes = {
					673DFE6427D0ED4B007FA78E = {
						CreatedOnToolsVersion = 13.2.1;
					};
				};
			};
			buildConfigurationList = 673DFE6027D0ED4B007FA78E /* Build configuration list for PBXProject "todoDiary" */;
			compatibilityVersion = "Xcode 13.0";
			developmentRegion = en;
			hasScannedForEncodings = 0;
			knownRegions = (
				en,
				Base,
			);
			mainGroup = 673DFE5C27D0ED4B007FA78E;
			packageReferences = (
				67075BD327D1299F000A9660 /* XCRemoteSwiftPackageReference "firebase-ios-sdk" */,
				677D3F0D27EDCD8C00536B05 /* XCRemoteSwiftPackageReference "SwipeCellKit" */,
			);
			productRefGroup = 673DFE6627D0ED4B007FA78E /* Products */;
			projectDirPath = "";
			projectRoot = "";
			targets = (
				673DFE6427D0ED4B007FA78E /* todoDiary */,
			);
		};
/* End PBXProject section */

/* Begin PBXResourcesBuildPhase section */
		673DFE6327D0ED4B007FA78E /* Resources */ = {
			isa = PBXResourcesBuildPhase;
			buildActionMask = 2147483647;
			files = (
				673DFE7527D0ED4C007FA78E /* LaunchScreen.storyboard in Resources */,
				6770DC5E27D500D70076B355 /* Main.storyboard in Resources */,
				6728DB0E27D1F21300BA1C89 /* GoogleService-Info.plist in Resources */,
				673DFE7227D0ED4C007FA78E /* Assets.xcassets in Resources */,
			);
			runOnlyForDeploymentPostprocessing = 0;
		};
/* End PBXResourcesBuildPhase section */

/* Begin PBXSourcesBuildPhase section */
		673DFE6127D0ED4B007FA78E /* Sources */ = {
			isa = PBXSourcesBuildPhase;
			buildActionMask = 2147483647;
			files = (
				67FCBE6027DCF85600705F92 /* Model.swift in Sources */,
				673DFE6D27D0ED4B007FA78E /* ViewController.swift in Sources */,
				6770DC6027D5011E0076B355 /* TodoController.swift in Sources */,
				67CF7F94280456C10085FD2B /* SettingViewController.swift in Sources */,
				673D125527FDDCF700265C11 /* Storage.swift in Sources */,
				673DFE6927D0ED4B007FA78E /* AppDelegate.swift in Sources */,
				673DFE6B27D0ED4B007FA78E /* SceneDelegate.swift in Sources */,
			);
			runOnlyForDeploymentPostprocessing = 0;
		};
/* End PBXSourcesBuildPhase section */

/* Begin PBXVariantGroup section */
		673DFE7327D0ED4C007FA78E /* LaunchScreen.storyboard */ = {
			isa = PBXVariantGroup;
			children = (
				673DFE7427D0ED4C007FA78E /* Base */,
			);
			name = LaunchScreen.storyboard;
			sourceTree = "<group>";
		};
/* End PBXVariantGroup section */

/* Begin XCBuildConfiguration section */
		673DFE7727D0ED4C007FA78E /* Debug */ = {
			isa = XCBuildConfiguration;
			buildSettings = {
				ALWAYS_SEARCH_USER_PATHS = NO;
				CLANG_ANALYZER_NONNULL = YES;
				CLANG_ANALYZER_NUMBER_OBJECT_CONVERSION = YES_AGGRESSIVE;
				CLANG_CXX_LANGUAGE_STANDARD = "gnu++17";
				CLANG_CXX_LIBRARY = "libc++";
				CLANG_ENABLE_MODULES = YES;
				CLANG_ENABLE_OBJC_ARC = YES;
				CLANG_ENABLE_OBJC_WEAK = YES;
				CLANG_WARN_BLOCK_CAPTURE_AUTORELEASING = YES;
				CLANG_WARN_BOOL_CONVERSION = YES;
				CLANG_WARN_COMMA = YES;
				CLANG_WARN_CONSTANT_CONVERSION = YES;
				CLANG_WARN_DEPRECATED_OBJC_IMPLEMENTATIONS = YES;
				CLANG_WARN_DIRECT_OBJC_ISA_USAGE = YES_ERROR;
				CLANG_WARN_DOCUMENTATION_COMMENTS = YES;
				CLANG_WARN_EMPTY_BODY = YES;
				CLANG_WARN_ENUM_CONVERSION = YES;
				CLANG_WARN_INFINITE_RECURSION = YES;
				CLANG_WARN_INT_CONVERSION = YES;
				CLANG_WARN_NON_LITERAL_NULL_CONVERSION = YES;
				CLANG_WARN_OBJC_IMPLICIT_RETAIN_SELF = YES;
				CLANG_WARN_OBJC_LITERAL_CONVERSION = YES;
				CLANG_WARN_OBJC_ROOT_CLASS = YES_ERROR;
				CLANG_WARN_QUOTED_INCLUDE_IN_FRAMEWORK_HEADER = YES;
				CLANG_WARN_RANGE_LOOP_ANALYSIS = YES;
				CLANG_WARN_STRICT_PROTOTYPES = YES;
				CLANG_WARN_SUSPICIOUS_MOVE = YES;
				CLANG_WARN_UNGUARDED_AVAILABILITY = YES_AGGRESSIVE;
				CLANG_WARN_UNREACHABLE_CODE = YES;
				CLANG_WARN__DUPLICATE_METHOD_MATCH = YES;
				COPY_PHASE_STRIP = NO;
				DEBUG_INFORMATION_FORMAT = dwarf;
				ENABLE_STRICT_OBJC_MSGSEND = YES;
				ENABLE_TESTABILITY = YES;
				GCC_C_LANGUAGE_STANDARD = gnu11;
				GCC_DYNAMIC_NO_PIC = NO;
				GCC_NO_COMMON_BLOCKS = YES;
				GCC_OPTIMIZATION_LEVEL = 0;
				GCC_PREPROCESSOR_DEFINITIONS = (
					"DEBUG=1",
					"$(inherited)",
				);
				GCC_WARN_64_TO_32_BIT_CONVERSION = YES;
				GCC_WARN_ABOUT_RETURN_TYPE = YES_ERROR;
				GCC_WARN_UNDECLARED_SELECTOR = YES;
				GCC_WARN_UNINITIALIZED_AUTOS = YES_AGGRESSIVE;
				GCC_WARN_UNUSED_FUNCTION = YES;
				GCC_WARN_UNUSED_VARIABLE = YES;
				IPHONEOS_DEPLOYMENT_TARGET = 15.2;
				MTL_ENABLE_DEBUG_INFO = INCLUDE_SOURCE;
				MTL_FAST_MATH = YES;
				ONLY_ACTIVE_ARCH = YES;
				SDKROOT = iphoneos;
				SWIFT_ACTIVE_COMPILATION_CONDITIONS = DEBUG;
				SWIFT_OPTIMIZATION_LEVEL = "-Onone";
			};
			name = Debug;
		};
		673DFE7827D0ED4C007FA78E /* Release */ = {
			isa = XCBuildConfiguration;
			buildSettings = {
				ALWAYS_SEARCH_USER_PATHS = NO;
				CLANG_ANALYZER_NONNULL = YES;
				CLANG_ANALYZER_NUMBER_OBJECT_CONVERSION = YES_AGGRESSIVE;
				CLANG_CXX_LANGUAGE_STANDARD = "gnu++17";
				CLANG_CXX_LIBRARY = "libc++";
				CLANG_ENABLE_MODULES = YES;
				CLANG_ENABLE_OBJC_ARC = YES;
				CLANG_ENABLE_OBJC_WEAK = YES;
				CLANG_WARN_BLOCK_CAPTURE_AUTORELEASING = YES;
				CLANG_WARN_BOOL_CONVERSION = YES;
				CLANG_WARN_COMMA = YES;
				CLANG_WARN_CONSTANT_CONVERSION = YES;
				CLANG_WARN_DEPRECATED_OBJC_IMPLEMENTATIONS = YES;
				CLANG_WARN_DIRECT_OBJC_ISA_USAGE = YES_ERROR;
				CLANG_WARN_DOCUMENTATION_COMMENTS = YES;
				CLANG_WARN_EMPTY_BODY = YES;
				CLANG_WARN_ENUM_CONVERSION = YES;
				CLANG_WARN_INFINITE_RECURSION = YES;
				CLANG_WARN_INT_CONVERSION = YES;
				CLANG_WARN_NON_LITERAL_NULL_CONVERSION = YES;
				CLANG_WARN_OBJC_IMPLICIT_RETAIN_SELF = YES;
				CLANG_WARN_OBJC_LITERAL_CONVERSION = YES;
				CLANG_WARN_OBJC_ROOT_CLASS = YES_ERROR;
				CLANG_WARN_QUOTED_INCLUDE_IN_FRAMEWORK_HEADER = YES;
				CLANG_WARN_RANGE_LOOP_ANALYSIS = YES;
				CLANG_WARN_STRICT_PROTOTYPES = YES;
				CLANG_WARN_SUSPICIOUS_MOVE = YES;
				CLANG_WARN_UNGUARDED_AVAILABILITY = YES_AGGRESSIVE;
				CLANG_WARN_UNREACHABLE_CODE = YES;
				CLANG_WARN__DUPLICATE_METHOD_MATCH = YES;
				COPY_PHASE_STRIP = NO;
				DEBUG_INFORMATION_FORMAT = "dwarf-with-dsym";
				ENABLE_NS_ASSERTIONS = NO;
				ENABLE_STRICT_OBJC_MSGSEND = YES;
				GCC_C_LANGUAGE_STANDARD = gnu11;
				GCC_NO_COMMON_BLOCKS = YES;
				GCC_WARN_64_TO_32_BIT_CONVERSION = YES;
				GCC_WARN_ABOUT_RETURN_TYPE = YES_ERROR;
				GCC_WARN_UNDECLARED_SELECTOR = YES;
				GCC_WARN_UNINITIALIZED_AUTOS = YES_AGGRESSIVE;
				GCC_WARN_UNUSED_FUNCTION = YES;
				GCC_WARN_UNUSED_VARIABLE = YES;
				IPHONEOS_DEPLOYMENT_TARGET = 15.2;
				MTL_ENABLE_DEBUG_INFO = NO;
				MTL_FAST_MATH = YES;
				SDKROOT = iphoneos;
				SWIFT_COMPILATION_MODE = wholemodule;
				SWIFT_OPTIMIZATION_LEVEL = "-O";
				VALIDATE_PRODUCT = YES;
			};
			name = Release;
		};
		673DFE7A27D0ED4C007FA78E /* Debug */ = {
			isa = XCBuildConfiguration;
			buildSettings = {
				ASSETCATALOG_COMPILER_APPICON_NAME = AppIcon;
				ASSETCATALOG_COMPILER_GLOBAL_ACCENT_COLOR_NAME = AccentColor;
				CODE_SIGN_STYLE = Automatic;
				CURRENT_PROJECT_VERSION = 1;
				DEVELOPMENT_TEAM = 8G9QJBS8AT;
				GENERATE_INFOPLIST_FILE = YES;
				INFOPLIST_FILE = todoDiary/Info.plist;
				INFOPLIST_KEY_UIApplicationSupportsIndirectInputEvents = YES;
				INFOPLIST_KEY_UILaunchStoryboardName = LaunchScreen;
				INFOPLIST_KEY_UIMainStoryboardFile = Main;
				INFOPLIST_KEY_UISupportedInterfaceOrientations_iPad = "UIInterfaceOrientationPortrait UIInterfaceOrientationPortraitUpsideDown UIInterfaceOrientationLandscapeLeft UIInterfaceOrientationLandscapeRight";
				INFOPLIST_KEY_UISupportedInterfaceOrientations_iPhone = "UIInterfaceOrientationPortrait UIInterfaceOrientationLandscapeLeft UIInterfaceOrientationLandscapeRight";
				LD_RUNPATH_SEARCH_PATHS = (
					"$(inherited)",
					"@executable_path/Frameworks",
				);
				MARKETING_VERSION = 1.0;
				PRODUCT_BUNDLE_IDENTIFIER = jooeun.todoDiary;
				PRODUCT_NAME = "$(TARGET_NAME)";
				SWIFT_EMIT_LOC_STRINGS = YES;
				SWIFT_VERSION = 5.0;
				TARGETED_DEVICE_FAMILY = "1,2";
			};
			name = Debug;
		};
		673DFE7B27D0ED4C007FA78E /* Release */ = {
			isa = XCBuildConfiguration;
			buildSettings = {
				ASSETCATALOG_COMPILER_APPICON_NAME = AppIcon;
				ASSETCATALOG_COMPILER_GLOBAL_ACCENT_COLOR_NAME = AccentColor;
				CODE_SIGN_STYLE = Automatic;
				CURRENT_PROJECT_VERSION = 1;
				DEVELOPMENT_TEAM = 8G9QJBS8AT;
				GENERATE_INFOPLIST_FILE = YES;
				INFOPLIST_FILE = todoDiary/Info.plist;
				INFOPLIST_KEY_UIApplicationSupportsIndirectInputEvents = YES;
				INFOPLIST_KEY_UILaunchStoryboardName = LaunchScreen;
				INFOPLIST_KEY_UIMainStoryboardFile = Main;
				INFOPLIST_KEY_UISupportedInterfaceOrientations_iPad = "UIInterfaceOrientationPortrait UIInterfaceOrientationPortraitUpsideDown UIInterfaceOrientationLandscapeLeft UIInterfaceOrientationLandscapeRight";
				INFOPLIST_KEY_UISupportedInterfaceOrientations_iPhone = "UIInterfaceOrientationPortrait UIInterfaceOrientationLandscapeLeft UIInterfaceOrientationLandscapeRight";
				LD_RUNPATH_SEARCH_PATHS = (
					"$(inherited)",
					"@executable_path/Frameworks",
				);
				MARKETING_VERSION = 1.0;
				PRODUCT_BUNDLE_IDENTIFIER = jooeun.todoDiary;
				PRODUCT_NAME = "$(TARGET_NAME)";
				SWIFT_EMIT_LOC_STRINGS = YES;
				SWIFT_VERSION = 5.0;
				TARGETED_DEVICE_FAMILY = "1,2";
			};
			name = Release;
		};
/* End XCBuildConfiguration section */

/* Begin XCConfigurationList section */
		673DFE6027D0ED4B007FA78E /* Build configuration list for PBXProject "todoDiary" */ = {
			isa = XCConfigurationList;
			buildConfigurations = (
				673DFE7727D0ED4C007FA78E /* Debug */,
				673DFE7827D0ED4C007FA78E /* Release */,
			);
			defaultConfigurationIsVisible = 0;
			defaultConfigurationName = Release;
		};
		673DFE7927D0ED4C007FA78E /* Build configuration list for PBXNativeTarget "todoDiary" */ = {
			isa = XCConfigurationList;
			buildConfigurations = (
				673DFE7A27D0ED4C007FA78E /* Debug */,
				673DFE7B27D0ED4C007FA78E /* Release */,
			);
			defaultConfigurationIsVisible = 0;
			defaultConfigurationName = Release;
		};
/* End XCConfigurationList section */

/* Begin XCRemoteSwiftPackageReference section */
		67075BD327D1299F000A9660 /* XCRemoteSwiftPackageReference "firebase-ios-sdk" */ = {
			isa = XCRemoteSwiftPackageReference;
			repositoryURL = "https://github.com/firebase/firebase-ios-sdk";
			requirement = {
				branch = master;
				kind = branch;
			};
		};
		677D3F0D27EDCD8C00536B05 /* XCRemoteSwiftPackageReference "SwipeCellKit" */ = {
			isa = XCRemoteSwiftPackageReference;
			repositoryURL = "https://github.com/SwipeCellKit/SwipeCellKit";
			requirement = {
				kind = upToNextMajorVersion;
				minimumVersion = 2.0.0;
			};
		};
/* End XCRemoteSwiftPackageReference section */

/* Begin XCSwiftPackageProductDependency section */
		67075BD427D1299F000A9660 /* FirebaseAnalytics */ = {
			isa = XCSwiftPackageProductDependency;
			package = 67075BD327D1299F000A9660 /* XCRemoteSwiftPackageReference "firebase-ios-sdk" */;
			productName = FirebaseAnalytics;
		};
		67075BD627D1299F000A9660 /* FirebaseAuth */ = {
			isa = XCSwiftPackageProductDependency;
			package = 67075BD327D1299F000A9660 /* XCRemoteSwiftPackageReference "firebase-ios-sdk" */;
			productName = FirebaseAuth;
		};
		67075BD827D1299F000A9660 /* FirebaseDatabase */ = {
			isa = XCSwiftPackageProductDependency;
			package = 67075BD327D1299F000A9660 /* XCRemoteSwiftPackageReference "firebase-ios-sdk" */;
			productName = FirebaseDatabase;
		};
		677D3F0E27EDCD8D00536B05 /* SwipeCellKit */ = {
			isa = XCSwiftPackageProductDependency;
			package = 677D3F0D27EDCD8C00536B05 /* XCRemoteSwiftPackageReference "SwipeCellKit" */;
			productName = SwipeCellKit;
		};
/* End XCSwiftPackageProductDependency section */
	};
	rootObject = 673DFE5D27D0ED4B007FA78E /* Project object */;
}
